
Microsoft Visual Studio Solution File, Format Version 12.00
# Visual Studio Version 16
VisualStudioVersion = 16.0.30717.126
MinimumVisualStudioVersion = 10.0.40219.1
Project("{FAE04EC0-301F-11D3-BF4B-00C04F79EFBC}") = "PlayerMapBlipToggle", "PlayerMapBlipToggle\PlayerMapBlipToggle.csproj", "{62551AF9-6DA8-4040-BE55-5D517749CF24}"
EndProject
Project("{FAE04EC0-301F-11D3-BF4B-00C04F79EFBC}") = "LastUsedWeapons", "LastUsedWeapons\LastUsedWeapons.csproj", "{840EEFBF-ED22-45A8-9DB3-B7E50D11D3FA}"
EndProject
Project("{FAE04EC0-301F-11D3-BF4B-00C04F79EFBC}") = "BetterStamina", "BetterStamina\BetterStamina.csproj", "{C78B697C-0617-40B5-B559-88D31B5ED1A8}"
EndProject
Project("{FAE04EC0-301F-11D3-BF4B-00C04F79EFBC}") = "WetAndCold", "WetAndCold\WetAndCold.csproj", "{71E1016A-9C8B-4494-9A25-554145562E44}"
EndProject
Project("{D954291E-2A0B-460D-934E-DC6B0785DB48}") = "UnityUtils", "UnityUtils\UnityUtils.shproj", "{E4EC132F-1A8D-45B3-BF09-78144FF68BCA}"
EndProject
Global
	GlobalSection(SharedMSBuildProjectFiles) = preSolution
		UnityUtils\UnityUtils.projitems*{c78b697c-0617-40b5-b559-88d31b5ed1a8}*SharedItemsImports = 4
		UnityUtils\UnityUtils.projitems*{e4ec132f-1a8d-45b3-bf09-78144ff68bca}*SharedItemsImports = 13
	EndGlobalSection
	GlobalSection(SolutionConfigurationPlatforms) = preSolution
		Debug|Any CPU = Debug|Any CPU
		Release|Any CPU = Release|Any CPU
	EndGlobalSection
	GlobalSection(ProjectConfigurationPlatforms) = postSolution
		{62551AF9-6DA8-4040-BE55-5D517749CF24}.Debug|Any CPU.ActiveCfg = Debug|Any CPU
		{62551AF9-6DA8-4040-BE55-5D517749CF24}.Debug|Any CPU.Build.0 = Debug|Any CPU
		{62551AF9-6DA8-4040-BE55-5D517749CF24}.Release|Any CPU.ActiveCfg = Release|Any CPU
		{62551AF9-6DA8-4040-BE55-5D517749CF24}.Release|Any CPU.Build.0 = Release|Any CPU
		{840EEFBF-ED22-45A8-9DB3-B7E50D11D3FA}.Debug|Any CPU.ActiveCfg = Debug|Any CPU
		{840EEFBF-ED22-45A8-9DB3-B7E50D11D3FA}.Debug|Any CPU.Build.0 = Debug|Any CPU
		{840EEFBF-ED22-45A8-9DB3-B7E50D11D3FA}.Release|Any CPU.ActiveCfg = Release|Any CPU
		{840EEFBF-ED22-45A8-9DB3-B7E50D11D3FA}.Release|Any CPU.Build.0 = Release|Any CPU
		{C78B697C-0617-40B5-B559-88D31B5ED1A8}.Debug|Any CPU.ActiveCfg = Debug|Any CPU
		{C78B697C-0617-40B5-B559-88D31B5ED1A8}.Debug|Any CPU.Build.0 = Debug|Any CPU
		{C78B697C-0617-40B5-B559-88D31B5ED1A8}.Release|Any CPU.ActiveCfg = Release|Any CPU
		{C78B697C-0617-40B5-B559-88D31B5ED1A8}.Release|Any CPU.Build.0 = Release|Any CPU
		{71E1016A-9C8B-4494-9A25-554145562E44}.Debug|Any CPU.ActiveCfg = Debug|Any CPU
		{71E1016A-9C8B-4494-9A25-554145562E44}.Debug|Any CPU.Build.0 = Debug|Any CPU
		{71E1016A-9C8B-4494-9A25-554145562E44}.Release|Any CPU.ActiveCfg = Release|Any CPU
		{71E1016A-9C8B-4494-9A25-554145562E44}.Release|Any CPU.Build.0 = Release|Any CPU
	EndGlobalSection
	GlobalSection(SolutionProperties) = preSolution
		HideSolutionNode = FALSE
	EndGlobalSection
	GlobalSection(ExtensibilityGlobals) = postSolution
		SolutionGuid = {E8F666CE-1C07-4D66-9E8D-43CBC94CA263}
	EndGlobalSection
EndGlobal
